
Microsoft Visual Studio Solution File, Format Version 12.00
# Visual Studio Version 16
VisualStudioVersion = 16.0.29318.209
MinimumVisualStudioVersion = 10.0.40219.1
Project("{2150E333-8FDC-42A3-9474-1A3956D46DE8}") = "Libraries", "Libraries", "{F2418F56-9620-4BA3-9078-D9732EC8DD48}"
EndProject
Project("{2150E333-8FDC-42A3-9474-1A3956D46DE8}") = "Plugins", "Plugins", "{615BCD39-09A7-4924-AB80-AA4032D477D1}"
EndProject
Project("{9A19103F-16F7-4668-BE54-9A1E7A4F7556}") = "Grand.Web", "Grand.Web\Grand.Web.csproj", "{818D02E0-8955-47B2-B893-AC7EE390D27A}"
EndProject
Project("{9A19103F-16F7-4668-BE54-9A1E7A4F7556}") = "Grand.Core", "Grand.Core\Grand.Core.csproj", "{B6301890-5E30-4429-8A92-F473974028F0}"
EndProject
Project("{9A19103F-16F7-4668-BE54-9A1E7A4F7556}") = "Grand.Services", "Grand.Services\Grand.Services.csproj", "{02F11DCE-20A2-45DC-B0E5-B7A0A2A45D54}"
EndProject
Project("{9A19103F-16F7-4668-BE54-9A1E7A4F7556}") = "Grand.Framework", "Grand.Framework\Grand.Framework.csproj", "{D02658C9-1DB3-4942-AE69-714E222C6B3E}"
EndProject
Project("{9A19103F-16F7-4668-BE54-9A1E7A4F7556}") = "Grand.Plugin.Shipping.ByWeight", "Plugins\Grand.Plugin.Shipping.ByWeight\Grand.Plugin.Shipping.ByWeight.csproj", "{E4CD6887-DF00-4242-9CC0-0C648BCB6D4E}"
EndProject
Project("{9A19103F-16F7-4668-BE54-9A1E7A4F7556}") = "Grand.Plugin.Widgets.Slider", "Plugins\Grand.Plugin.Widgets.Slider\Grand.Plugin.Widgets.Slider.csproj", "{1E2F01EB-28D1-4C47-899B-559535578807}"
EndProject
Project("{9A19103F-16F7-4668-BE54-9A1E7A4F7556}") = "Grand.Plugin.Payments.PayInStore", "Plugins\Grand.Plugin.Payments.PayInStore\Grand.Plugin.Payments.PayInStore.csproj", "{B467732D-A98E-445D-AB9B-377F7E398187}"
EndProject
Project("{9A19103F-16F7-4668-BE54-9A1E7A4F7556}") = "Grand.Plugin.Tax.FixedRate", "Plugins\Grand.Plugin.Tax.FixedRate\Grand.Plugin.Tax.FixedRate.csproj", "{24CE0A09-4213-4AE9-A33C-62D142DC60C1}"
EndProject
Project("{9A19103F-16F7-4668-BE54-9A1E7A4F7556}") = "Grand.Plugin.Tax.CountryStateZip", "Plugins\Grand.Plugin.Tax.CountryStateZip\Grand.Plugin.Tax.CountryStateZip.csproj", "{2B85C079-5B43-42A9-9D7F-373E4B7AC4C7}"
EndProject
Project("{9A19103F-16F7-4668-BE54-9A1E7A4F7556}") = "Grand.Plugin.Shipping.ShippingPoint", "Plugins\Grand.Plugin.Shipping.ShippingPoint\Grand.Plugin.Shipping.ShippingPoint.csproj", "{699A1235-B623-4D15-8604-60935CB24F0A}"
EndProject
Project("{9A19103F-16F7-4668-BE54-9A1E7A4F7556}") = "Grand.Plugin.Payments.CashOnDelivery", "Plugins\Grand.Plugin.Payments.CashOnDelivery\Grand.Plugin.Payments.CashOnDelivery.csproj", "{E11097D1-0A02-4E57-8B0D-3998C9E260BB}"
EndProject
Project("{9A19103F-16F7-4668-BE54-9A1E7A4F7556}") = "Grand.Plugin.Payments.CheckMoneyOrder", "Plugins\Grand.Plugin.Payments.CheckMoneyOrder\Grand.Plugin.Payments.CheckMoneyOrder.csproj", "{21796F6D-BE29-4820-BDB9-302B5911349E}"
EndProject
Project("{9A19103F-16F7-4668-BE54-9A1E7A4F7556}") = "Grand.Plugin.Payments.PayPalStandard", "Plugins\Grand.Plugin.Payments.PayPalStandard\Grand.Plugin.Payments.PayPalStandard.csproj", "{B6C1CD2E-8A0F-4E9E-A50F-BCD32565C4DF}"
EndProject
Project("{9A19103F-16F7-4668-BE54-9A1E7A4F7556}") = "Grand.Plugin.ExchangeRate.McExchange", "Plugins\Grand.Plugin.ExchangeRate.McExchange\Grand.Plugin.ExchangeRate.McExchange.csproj", "{C45A4DE0-62AC-4F82-9320-31FEA63EAAC2}"
EndProject
Project("{9A19103F-16F7-4668-BE54-9A1E7A4F7556}") = "Grand.Plugin.Feed.GoogleShopping", "Plugins\Grand.Plugin.Feed.GoogleShopping\Grand.Plugin.Feed.GoogleShopping.csproj", "{F39AA2D5-FC27-4CDA-840A-9C0CDC7E6D54}"
EndProject
Project("{9A19103F-16F7-4668-BE54-9A1E7A4F7556}") = "Grand.Plugin.ExternalAuth.Facebook", "Plugins\Grand.Plugin.ExternalAuth.Facebook\Grand.Plugin.ExternalAuth.Facebook.csproj", "{9934C120-56E8-46B0-B650-75262DB74DD9}"
EndProject
Project("{2150E333-8FDC-42A3-9474-1A3956D46DE8}") = "Tests", "Tests", "{02A095EA-356B-4419-86B4-E7893017CBF2}"
EndProject
Project("{9A19103F-16F7-4668-BE54-9A1E7A4F7556}") = "Grand.Core.Tests", "Tests\Grand.Core.Tests\Grand.Core.Tests.csproj", "{8D7FD955-B372-470C-A935-FE0B172FC05D}"
EndProject
Project("{9A19103F-16F7-4668-BE54-9A1E7A4F7556}") = "Grand.Services.Tests", "Tests\Grand.Services.Tests\Grand.Services.Tests.csproj", "{B7E666B3-2B28-493F-B980-9CE8E2B50732}"
EndProject
Project("{9A19103F-16F7-4668-BE54-9A1E7A4F7556}") = "Grand.Plugin.Shipping.FixedRateShipping", "Plugins\Grand.Plugin.Shipping.FixedRateShipping\Grand.Plugin.Shipping.FixedRateShipping.csproj", "{EFEF8822-18EE-4DE9-964B-A5DB6A0641CF}"
EndProject
Project("{9A19103F-16F7-4668-BE54-9A1E7A4F7556}") = "Grand.Plugin.Widgets.GoogleAnalytics", "Plugins\Grand.Plugin.Widgets.GoogleAnalytics\Grand.Plugin.Widgets.GoogleAnalytics.csproj", "{87C1BE44-52AF-4F46-B065-8356D59CEB13}"
EndProject
Project("{9A19103F-16F7-4668-BE54-9A1E7A4F7556}") = "Grand.Plugin.DiscountRequirements.Standard", "Plugins\Grand.Plugin.DiscountRequirements.Standard\Grand.Plugin.DiscountRequirements.Standard.csproj", "{B2A527D1-C59E-4B08-B17D-F68B1526FAEC}"
EndProject
Project("{E53339B2-1760-4266-BCC7-CA923CBCF16C}") = "docker-compose", "docker-compose.dcproj", "{03F10F6A-05F2-4519-8202-2476E194C5DD}"
EndProject
Project("{9A19103F-16F7-4668-BE54-9A1E7A4F7556}") = "Grand.Api", "Grand.Api\Grand.Api.csproj", "{BDC75DE4-FB40-4BFD-91DC-215E3AA64071}"
EndProject
Project("{9A19103F-16F7-4668-BE54-9A1E7A4F7556}") = "Grand.Api.Tests", "Tests\Grand.Api.Tests\Grand.Api.Tests.csproj", "{66673B1E-AA53-43DC-9905-90DC30EABE96}"
EndProject
Project("{9A19103F-16F7-4668-BE54-9A1E7A4F7556}") = "Grand.Plugin.Tests", "Tests\Grand.Plugin.Tests\Grand.Plugin.Tests.csproj", "{6DB6C66B-EC0F-43C0-8CC5-24804C872F6A}"
EndProject
Project("{9A19103F-16F7-4668-BE54-9A1E7A4F7556}") = "Grand.Plugin.ExternalAuth.Google", "Plugins\Grand.Plugin.ExternalAuth.Google\Grand.Plugin.ExternalAuth.Google.csproj", "{B531A73A-A00D-49DC-8265-D3CAC8160C49}"
EndProject
Project("{9A19103F-16F7-4668-BE54-9A1E7A4F7556}") = "Grand.Plugin.Payments.BrainTree", "Plugins\Grand.Plugin.Payments.BrainTree\Grand.Plugin.Payments.BrainTree.csproj", "{EC08558B-8993-49DC-8DB7-F96369740732}"
EndProject
Project("{2150E333-8FDC-42A3-9474-1A3956D46DE8}") = "Solution Items", "Solution Items", "{E9E98CA6-9A8F-40AE-A0BC-F161C4237226}"
	ProjectSection(SolutionItems) = preProject
		.editorconfig = .editorconfig
	EndProjectSection
EndProject
Project("{9A19103F-16F7-4668-BE54-9A1E7A4F7556}") = "Grand.Plugin.Widgets.FacebookPixel", "Plugins\Grand.Plugin.Widgets.FacebookPixel\Grand.Plugin.Widgets.FacebookPixel.csproj", "{E5400FBA-C6B9-4477-83F3-8EA523B62232}"
EndProject
Project("{9A19103F-16F7-4668-BE54-9A1E7A4F7556}") = "Grand.Domain", "Grand.Domain\Grand.Domain.csproj", "{2E42CE7C-1183-45AB-A995-1E23C4DCB5F3}"
EndProject
Project("{9A19103F-16F7-4668-BE54-9A1E7A4F7556}") = "Grand.Plugin.Misc.EuropaCheckVat", "Plugins\Grand.Plugin.Misc.EuropaCheckVat\Grand.Plugin.Misc.EuropaCheckVat.csproj", "{9CD87657-5E7C-4511-A3A0-E7266720AA30}"
EndProject
Global
	GlobalSection(SolutionConfigurationPlatforms) = preSolution
		Debug|Any CPU = Debug|Any CPU
		Release|Any CPU = Release|Any CPU
	EndGlobalSection
	GlobalSection(ProjectConfigurationPlatforms) = postSolution
		{818D02E0-8955-47B2-B893-AC7EE390D27A}.Debug|Any CPU.ActiveCfg = Debug|Any CPU
		{818D02E0-8955-47B2-B893-AC7EE390D27A}.Debug|Any CPU.Build.0 = Debug|Any CPU
		{818D02E0-8955-47B2-B893-AC7EE390D27A}.Release|Any CPU.ActiveCfg = Release|Any CPU
		{818D02E0-8955-47B2-B893-AC7EE390D27A}.Release|Any CPU.Build.0 = Release|Any CPU
		{B6301890-5E30-4429-8A92-F473974028F0}.Debug|Any CPU.ActiveCfg = Debug|Any CPU
		{B6301890-5E30-4429-8A92-F473974028F0}.Debug|Any CPU.Build.0 = Debug|Any CPU
		{B6301890-5E30-4429-8A92-F473974028F0}.Release|Any CPU.ActiveCfg = Release|Any CPU
		{B6301890-5E30-4429-8A92-F473974028F0}.Release|Any CPU.Build.0 = Release|Any CPU
		{02F11DCE-20A2-45DC-B0E5-B7A0A2A45D54}.Debug|Any CPU.ActiveCfg = Debug|Any CPU
		{02F11DCE-20A2-45DC-B0E5-B7A0A2A45D54}.Debug|Any CPU.Build.0 = Debug|Any CPU
		{02F11DCE-20A2-45DC-B0E5-B7A0A2A45D54}.Release|Any CPU.ActiveCfg = Release|Any CPU
		{02F11DCE-20A2-45DC-B0E5-B7A0A2A45D54}.Release|Any CPU.Build.0 = Release|Any CPU
		{D02658C9-1DB3-4942-AE69-714E222C6B3E}.Debug|Any CPU.ActiveCfg = Debug|Any CPU
		{D02658C9-1DB3-4942-AE69-714E222C6B3E}.Debug|Any CPU.Build.0 = Debug|Any CPU
		{D02658C9-1DB3-4942-AE69-714E222C6B3E}.Release|Any CPU.ActiveCfg = Release|Any CPU
		{D02658C9-1DB3-4942-AE69-714E222C6B3E}.Release|Any CPU.Build.0 = Release|Any CPU
		{E4CD6887-DF00-4242-9CC0-0C648BCB6D4E}.Debug|Any CPU.ActiveCfg = Debug|Any CPU
		{E4CD6887-DF00-4242-9CC0-0C648BCB6D4E}.Debug|Any CPU.Build.0 = Debug|Any CPU
		{E4CD6887-DF00-4242-9CC0-0C648BCB6D4E}.Release|Any CPU.ActiveCfg = Release|Any CPU
		{E4CD6887-DF00-4242-9CC0-0C648BCB6D4E}.Release|Any CPU.Build.0 = Release|Any CPU
		{1E2F01EB-28D1-4C47-899B-559535578807}.Debug|Any CPU.ActiveCfg = Debug|Any CPU
		{1E2F01EB-28D1-4C47-899B-559535578807}.Debug|Any CPU.Build.0 = Debug|Any CPU
		{1E2F01EB-28D1-4C47-899B-559535578807}.Release|Any CPU.ActiveCfg = Release|Any CPU
		{1E2F01EB-28D1-4C47-899B-559535578807}.Release|Any CPU.Build.0 = Release|Any CPU
		{B467732D-A98E-445D-AB9B-377F7E398187}.Debug|Any CPU.ActiveCfg = Debug|Any CPU
		{B467732D-A98E-445D-AB9B-377F7E398187}.Debug|Any CPU.Build.0 = Debug|Any CPU
		{B467732D-A98E-445D-AB9B-377F7E398187}.Release|Any CPU.ActiveCfg = Release|Any CPU
		{B467732D-A98E-445D-AB9B-377F7E398187}.Release|Any CPU.Build.0 = Release|Any CPU
		{24CE0A09-4213-4AE9-A33C-62D142DC60C1}.Debug|Any CPU.ActiveCfg = Debug|Any CPU
		{24CE0A09-4213-4AE9-A33C-62D142DC60C1}.Debug|Any CPU.Build.0 = Debug|Any CPU
		{24CE0A09-4213-4AE9-A33C-62D142DC60C1}.Release|Any CPU.ActiveCfg = Release|Any CPU
		{24CE0A09-4213-4AE9-A33C-62D142DC60C1}.Release|Any CPU.Build.0 = Release|Any CPU
		{2B85C079-5B43-42A9-9D7F-373E4B7AC4C7}.Debug|Any CPU.ActiveCfg = Debug|Any CPU
		{2B85C079-5B43-42A9-9D7F-373E4B7AC4C7}.Debug|Any CPU.Build.0 = Debug|Any CPU
		{2B85C079-5B43-42A9-9D7F-373E4B7AC4C7}.Release|Any CPU.ActiveCfg = Release|Any CPU
		{2B85C079-5B43-42A9-9D7F-373E4B7AC4C7}.Release|Any CPU.Build.0 = Release|Any CPU
		{699A1235-B623-4D15-8604-60935CB24F0A}.Debug|Any CPU.ActiveCfg = Debug|Any CPU
		{699A1235-B623-4D15-8604-60935CB24F0A}.Debug|Any CPU.Build.0 = Debug|Any CPU
		{699A1235-B623-4D15-8604-60935CB24F0A}.Release|Any CPU.ActiveCfg = Release|Any CPU
		{699A1235-B623-4D15-8604-60935CB24F0A}.Release|Any CPU.Build.0 = Release|Any CPU
		{E11097D1-0A02-4E57-8B0D-3998C9E260BB}.Debug|Any CPU.ActiveCfg = Debug|Any CPU
		{E11097D1-0A02-4E57-8B0D-3998C9E260BB}.Debug|Any CPU.Build.0 = Debug|Any CPU
		{E11097D1-0A02-4E57-8B0D-3998C9E260BB}.Release|Any CPU.ActiveCfg = Release|Any CPU
		{E11097D1-0A02-4E57-8B0D-3998C9E260BB}.Release|Any CPU.Build.0 = Release|Any CPU
		{21796F6D-BE29-4820-BDB9-302B5911349E}.Debug|Any CPU.ActiveCfg = Debug|Any CPU
		{21796F6D-BE29-4820-BDB9-302B5911349E}.Debug|Any CPU.Build.0 = Debug|Any CPU
		{21796F6D-BE29-4820-BDB9-302B5911349E}.Release|Any CPU.ActiveCfg = Release|Any CPU
		{21796F6D-BE29-4820-BDB9-302B5911349E}.Release|Any CPU.Build.0 = Release|Any CPU
		{B6C1CD2E-8A0F-4E9E-A50F-BCD32565C4DF}.Debug|Any CPU.ActiveCfg = Debug|Any CPU
		{B6C1CD2E-8A0F-4E9E-A50F-BCD32565C4DF}.Debug|Any CPU.Build.0 = Debug|Any CPU
		{B6C1CD2E-8A0F-4E9E-A50F-BCD32565C4DF}.Release|Any CPU.ActiveCfg = Release|Any CPU
		{B6C1CD2E-8A0F-4E9E-A50F-BCD32565C4DF}.Release|Any CPU.Build.0 = Release|Any CPU
		{C45A4DE0-62AC-4F82-9320-31FEA63EAAC2}.Debug|Any CPU.ActiveCfg = Debug|Any CPU
		{C45A4DE0-62AC-4F82-9320-31FEA63EAAC2}.Debug|Any CPU.Build.0 = Debug|Any CPU
		{C45A4DE0-62AC-4F82-9320-31FEA63EAAC2}.Release|Any CPU.ActiveCfg = Release|Any CPU
		{C45A4DE0-62AC-4F82-9320-31FEA63EAAC2}.Release|Any CPU.Build.0 = Release|Any CPU
		{F39AA2D5-FC27-4CDA-840A-9C0CDC7E6D54}.Debug|Any CPU.ActiveCfg = Debug|Any CPU
		{F39AA2D5-FC27-4CDA-840A-9C0CDC7E6D54}.Debug|Any CPU.Build.0 = Debug|Any CPU
		{F39AA2D5-FC27-4CDA-840A-9C0CDC7E6D54}.Release|Any CPU.ActiveCfg = Release|Any CPU
		{F39AA2D5-FC27-4CDA-840A-9C0CDC7E6D54}.Release|Any CPU.Build.0 = Release|Any CPU
		{9934C120-56E8-46B0-B650-75262DB74DD9}.Debug|Any CPU.ActiveCfg = Debug|Any CPU
		{9934C120-56E8-46B0-B650-75262DB74DD9}.Debug|Any CPU.Build.0 = Debug|Any CPU
		{9934C120-56E8-46B0-B650-75262DB74DD9}.Release|Any CPU.ActiveCfg = Release|Any CPU
		{9934C120-56E8-46B0-B650-75262DB74DD9}.Release|Any CPU.Build.0 = Release|Any CPU
		{8D7FD955-B372-470C-A935-FE0B172FC05D}.Debug|Any CPU.ActiveCfg = Debug|Any CPU
		{8D7FD955-B372-470C-A935-FE0B172FC05D}.Debug|Any CPU.Build.0 = Debug|Any CPU
		{8D7FD955-B372-470C-A935-FE0B172FC05D}.Release|Any CPU.ActiveCfg = Release|Any CPU
		{8D7FD955-B372-470C-A935-FE0B172FC05D}.Release|Any CPU.Build.0 = Release|Any CPU
		{B7E666B3-2B28-493F-B980-9CE8E2B50732}.Debug|Any CPU.ActiveCfg = Debug|Any CPU
		{B7E666B3-2B28-493F-B980-9CE8E2B50732}.Debug|Any CPU.Build.0 = Debug|Any CPU
		{B7E666B3-2B28-493F-B980-9CE8E2B50732}.Release|Any CPU.ActiveCfg = Release|Any CPU
		{B7E666B3-2B28-493F-B980-9CE8E2B50732}.Release|Any CPU.Build.0 = Release|Any CPU
		{EFEF8822-18EE-4DE9-964B-A5DB6A0641CF}.Debug|Any CPU.ActiveCfg = Debug|Any CPU
		{EFEF8822-18EE-4DE9-964B-A5DB6A0641CF}.Debug|Any CPU.Build.0 = Debug|Any CPU
		{EFEF8822-18EE-4DE9-964B-A5DB6A0641CF}.Release|Any CPU.ActiveCfg = Release|Any CPU
		{EFEF8822-18EE-4DE9-964B-A5DB6A0641CF}.Release|Any CPU.Build.0 = Release|Any CPU
		{87C1BE44-52AF-4F46-B065-8356D59CEB13}.Debug|Any CPU.ActiveCfg = Debug|Any CPU
		{87C1BE44-52AF-4F46-B065-8356D59CEB13}.Debug|Any CPU.Build.0 = Debug|Any CPU
		{87C1BE44-52AF-4F46-B065-8356D59CEB13}.Release|Any CPU.ActiveCfg = Release|Any CPU
		{87C1BE44-52AF-4F46-B065-8356D59CEB13}.Release|Any CPU.Build.0 = Release|Any CPU
		{B2A527D1-C59E-4B08-B17D-F68B1526FAEC}.Debug|Any CPU.ActiveCfg = Debug|Any CPU
		{B2A527D1-C59E-4B08-B17D-F68B1526FAEC}.Debug|Any CPU.Build.0 = Debug|Any CPU
		{B2A527D1-C59E-4B08-B17D-F68B1526FAEC}.Release|Any CPU.ActiveCfg = Release|Any CPU
		{B2A527D1-C59E-4B08-B17D-F68B1526FAEC}.Release|Any CPU.Build.0 = Release|Any CPU
		{03F10F6A-05F2-4519-8202-2476E194C5DD}.Debug|Any CPU.ActiveCfg = Debug|Any CPU
		{03F10F6A-05F2-4519-8202-2476E194C5DD}.Release|Any CPU.ActiveCfg = Release|Any CPU
		{BDC75DE4-FB40-4BFD-91DC-215E3AA64071}.Debug|Any CPU.ActiveCfg = Debug|Any CPU
		{BDC75DE4-FB40-4BFD-91DC-215E3AA64071}.Debug|Any CPU.Build.0 = Debug|Any CPU
		{BDC75DE4-FB40-4BFD-91DC-215E3AA64071}.Release|Any CPU.ActiveCfg = Release|Any CPU
		{BDC75DE4-FB40-4BFD-91DC-215E3AA64071}.Release|Any CPU.Build.0 = Release|Any CPU
		{66673B1E-AA53-43DC-9905-90DC30EABE96}.Debug|Any CPU.ActiveCfg = Debug|Any CPU
		{66673B1E-AA53-43DC-9905-90DC30EABE96}.Debug|Any CPU.Build.0 = Debug|Any CPU
		{66673B1E-AA53-43DC-9905-90DC30EABE96}.Release|Any CPU.ActiveCfg = Release|Any CPU
		{66673B1E-AA53-43DC-9905-90DC30EABE96}.Release|Any CPU.Build.0 = Release|Any CPU
		{6DB6C66B-EC0F-43C0-8CC5-24804C872F6A}.Debug|Any CPU.ActiveCfg = Debug|Any CPU
		{6DB6C66B-EC0F-43C0-8CC5-24804C872F6A}.Debug|Any CPU.Build.0 = Debug|Any CPU
		{6DB6C66B-EC0F-43C0-8CC5-24804C872F6A}.Release|Any CPU.ActiveCfg = Release|Any CPU
		{6DB6C66B-EC0F-43C0-8CC5-24804C872F6A}.Release|Any CPU.Build.0 = Release|Any CPU
		{B531A73A-A00D-49DC-8265-D3CAC8160C49}.Debug|Any CPU.ActiveCfg = Debug|Any CPU
		{B531A73A-A00D-49DC-8265-D3CAC8160C49}.Debug|Any CPU.Build.0 = Debug|Any CPU
		{B531A73A-A00D-49DC-8265-D3CAC8160C49}.Release|Any CPU.ActiveCfg = Release|Any CPU
		{B531A73A-A00D-49DC-8265-D3CAC8160C49}.Release|Any CPU.Build.0 = Release|Any CPU
		{EC08558B-8993-49DC-8DB7-F96369740732}.Debug|Any CPU.ActiveCfg = Debug|Any CPU
		{EC08558B-8993-49DC-8DB7-F96369740732}.Debug|Any CPU.Build.0 = Debug|Any CPU
		{EC08558B-8993-49DC-8DB7-F96369740732}.Release|Any CPU.ActiveCfg = Release|Any CPU
		{EC08558B-8993-49DC-8DB7-F96369740732}.Release|Any CPU.Build.0 = Release|Any CPU
		{E5400FBA-C6B9-4477-83F3-8EA523B62232}.Debug|Any CPU.ActiveCfg = Debug|Any CPU
		{E5400FBA-C6B9-4477-83F3-8EA523B62232}.Debug|Any CPU.Build.0 = Debug|Any CPU
		{E5400FBA-C6B9-4477-83F3-8EA523B62232}.Release|Any CPU.ActiveCfg = Release|Any CPU
		{E5400FBA-C6B9-4477-83F3-8EA523B62232}.Release|Any CPU.Build.0 = Release|Any CPU
		{2E42CE7C-1183-45AB-A995-1E23C4DCB5F3}.Debug|Any CPU.ActiveCfg = Debug|Any CPU
		{2E42CE7C-1183-45AB-A995-1E23C4DCB5F3}.Debug|Any CPU.Build.0 = Debug|Any CPU
		{2E42CE7C-1183-45AB-A995-1E23C4DCB5F3}.Release|Any CPU.ActiveCfg = Release|Any CPU
		{2E42CE7C-1183-45AB-A995-1E23C4DCB5F3}.Release|Any CPU.Build.0 = Release|Any CPU
		{9CD87657-5E7C-4511-A3A0-E7266720AA30}.Debug|Any CPU.ActiveCfg = Debug|Any CPU
		{9CD87657-5E7C-4511-A3A0-E7266720AA30}.Debug|Any CPU.Build.0 = Debug|Any CPU
		{9CD87657-5E7C-4511-A3A0-E7266720AA30}.Release|Any CPU.ActiveCfg = Release|Any CPU
		{9CD87657-5E7C-4511-A3A0-E7266720AA30}.Release|Any CPU.Build.0 = Release|Any CPU
	EndGlobalSection
	GlobalSection(SolutionProperties) = preSolution
		HideSolutionNode = FALSE
	EndGlobalSection
	GlobalSection(NestedProjects) = preSolution
		{B6301890-5E30-4429-8A92-F473974028F0} = {F2418F56-9620-4BA3-9078-D9732EC8DD48}
		{02F11DCE-20A2-45DC-B0E5-B7A0A2A45D54} = {F2418F56-9620-4BA3-9078-D9732EC8DD48}
		{D02658C9-1DB3-4942-AE69-714E222C6B3E} = {F2418F56-9620-4BA3-9078-D9732EC8DD48}
		{E4CD6887-DF00-4242-9CC0-0C648BCB6D4E} = {615BCD39-09A7-4924-AB80-AA4032D477D1}
		{1E2F01EB-28D1-4C47-899B-559535578807} = {615BCD39-09A7-4924-AB80-AA4032D477D1}
		{B467732D-A98E-445D-AB9B-377F7E398187} = {615BCD39-09A7-4924-AB80-AA4032D477D1}
		{24CE0A09-4213-4AE9-A33C-62D142DC60C1} = {615BCD39-09A7-4924-AB80-AA4032D477D1}
		{2B85C079-5B43-42A9-9D7F-373E4B7AC4C7} = {615BCD39-09A7-4924-AB80-AA4032D477D1}
		{699A1235-B623-4D15-8604-60935CB24F0A} = {615BCD39-09A7-4924-AB80-AA4032D477D1}
		{E11097D1-0A02-4E57-8B0D-3998C9E260BB} = {615BCD39-09A7-4924-AB80-AA4032D477D1}
		{21796F6D-BE29-4820-BDB9-302B5911349E} = {615BCD39-09A7-4924-AB80-AA4032D477D1}
		{B6C1CD2E-8A0F-4E9E-A50F-BCD32565C4DF} = {615BCD39-09A7-4924-AB80-AA4032D477D1}
		{C45A4DE0-62AC-4F82-9320-31FEA63EAAC2} = {615BCD39-09A7-4924-AB80-AA4032D477D1}
		{F39AA2D5-FC27-4CDA-840A-9C0CDC7E6D54} = {615BCD39-09A7-4924-AB80-AA4032D477D1}
		{9934C120-56E8-46B0-B650-75262DB74DD9} = {615BCD39-09A7-4924-AB80-AA4032D477D1}
		{8D7FD955-B372-470C-A935-FE0B172FC05D} = {02A095EA-356B-4419-86B4-E7893017CBF2}
		{B7E666B3-2B28-493F-B980-9CE8E2B50732} = {02A095EA-356B-4419-86B4-E7893017CBF2}
		{EFEF8822-18EE-4DE9-964B-A5DB6A0641CF} = {615BCD39-09A7-4924-AB80-AA4032D477D1}
		{87C1BE44-52AF-4F46-B065-8356D59CEB13} = {615BCD39-09A7-4924-AB80-AA4032D477D1}
		{B2A527D1-C59E-4B08-B17D-F68B1526FAEC} = {615BCD39-09A7-4924-AB80-AA4032D477D1}
		{BDC75DE4-FB40-4BFD-91DC-215E3AA64071} = {F2418F56-9620-4BA3-9078-D9732EC8DD48}
		{66673B1E-AA53-43DC-9905-90DC30EABE96} = {02A095EA-356B-4419-86B4-E7893017CBF2}
		{6DB6C66B-EC0F-43C0-8CC5-24804C872F6A} = {02A095EA-356B-4419-86B4-E7893017CBF2}
		{B531A73A-A00D-49DC-8265-D3CAC8160C49} = {615BCD39-09A7-4924-AB80-AA4032D477D1}
		{EC08558B-8993-49DC-8DB7-F96369740732} = {615BCD39-09A7-4924-AB80-AA4032D477D1}
		{E5400FBA-C6B9-4477-83F3-8EA523B62232} = {615BCD39-09A7-4924-AB80-AA4032D477D1}
		{2E42CE7C-1183-45AB-A995-1E23C4DCB5F3} = {F2418F56-9620-4BA3-9078-D9732EC8DD48}
		{9CD87657-5E7C-4511-A3A0-E7266720AA30} = {615BCD39-09A7-4924-AB80-AA4032D477D1}
	EndGlobalSection
	GlobalSection(ExtensibilityGlobals) = postSolution
		SolutionGuid = {65BA1180-F5CC-42E1-B689-71E14D588393}
	EndGlobalSection
EndGlobal
