
Microsoft Visual Studio Solution File, Format Version 12.00
# Visual Studio 14
VisualStudioVersion = 14.0.25420.1
MinimumVisualStudioVersion = 10.0.40219.1
Project("{2150E333-8FDC-42A3-9474-1A3956D46DE8}") = "Libraries", "Libraries", "{E4ACA93B-D3DE-4557-B069-F1DB42925A4B}"
EndProject
Project("{2150E333-8FDC-42A3-9474-1A3956D46DE8}") = "Presentation", "Presentation", "{B09156FB-8291-46A2-AF37-67CE97CFB5A6}"
EndProject
Project("{2150E333-8FDC-42A3-9474-1A3956D46DE8}") = "Plugins", "Plugins", "{7881B112-7843-4542-B1F7-F99553FB9BB7}"
EndProject
Project("{FAE04EC0-301F-11D3-BF4B-00C04F79EFBC}") = "Grand.Web", "Presentation\Grand.Web\Grand.Web.csproj", "{4F1F649C-1020-45BE-A487-F416D9297FF3}"
EndProject
Project("{FAE04EC0-301F-11D3-BF4B-00C04F79EFBC}") = "Grand.Core", "Libraries\Grand.Core\Grand.Core.csproj", "{6BDA8332-939F-45B7-A25E-7A797260AE59}"
EndProject
Project("{FAE04EC0-301F-11D3-BF4B-00C04F79EFBC}") = "Grand.Data", "Libraries\Grand.Data\Grand.Data.csproj", "{CCD7F2C9-6A2C-4CF0-8E89-076B8FC0F144}"
EndProject
Project("{FAE04EC0-301F-11D3-BF4B-00C04F79EFBC}") = "Grand.Services", "Libraries\Grand.Services\Grand.Services.csproj", "{210541AD-F659-47DA-8763-16F36C5CD2F4}"
EndProject
Project("{FAE04EC0-301F-11D3-BF4B-00C04F79EFBC}") = "Grand.Plugin.Tax.FixedRate", "Plugins\Grand.Plugin.Tax.FixedRate\Grand.Plugin.Tax.FixedRate.csproj", "{60E882EA-9ACB-4EFE-82A0-8FB1F5884B04}"
EndProject
Project("{FAE04EC0-301F-11D3-BF4B-00C04F79EFBC}") = "Grand.Plugin.Shipping.FixedRateShipping", "Plugins\Grand.Plugin.Shipping.FixedRateShipping\Grand.Plugin.Shipping.FixedRateShipping.csproj", "{2DCB7949-24C2-49C7-872C-C948E43717E7}"
EndProject
Project("{FAE04EC0-301F-11D3-BF4B-00C04F79EFBC}") = "Grand.Plugin.DiscountRules.CustomerRoles", "Plugins\Grand.Plugin.DiscountRules.CustomerRoles\Grand.Plugin.DiscountRules.CustomerRoles.csproj", "{D28CAD64-4C88-48CB-8AA4-10B7D050BE56}"
EndProject
Project("{FAE04EC0-301F-11D3-BF4B-00C04F79EFBC}") = "Grand.Plugin.DiscountRules.HadSpentAmount", "Plugins\Grand.Plugin.DiscountRules.HadSpentAmount\Grand.Plugin.DiscountRules.HadSpentAmount.csproj", "{C4FFB99C-8A99-47E2-B863-3586AE2CF9C9}"
EndProject
Project("{FAE04EC0-301F-11D3-BF4B-00C04F79EFBC}") = "Grand.Web.Framework", "Presentation\Grand.Web.Framework\Grand.Web.Framework.csproj", "{75FD4163-333C-4DD5-854D-2EF294E45D94}"
EndProject
Project("{FAE04EC0-301F-11D3-BF4B-00C04F79EFBC}") = "Grand.Admin", "Presentation\Grand.Web\Administration\Grand.Admin.csproj", "{152C761A-DD2E-4C1F-AF89-DFB2547A3BCA}"
EndProject
Project("{FAE04EC0-301F-11D3-BF4B-00C04F79EFBC}") = "Grand.Plugin.Feed.Froogle", "Plugins\Grand.Plugin.Feed.Froogle\Grand.Plugin.Feed.Froogle.csproj", "{965A02F0-FC84-4AC4-91E4-79EADFC1CA9D}"
EndProject
Project("{FAE04EC0-301F-11D3-BF4B-00C04F79EFBC}") = "Grand.Plugin.Tax.CountryStateZip", "Plugins\Grand.Plugin.Tax.CountryStateZip\Grand.Plugin.Tax.CountryStateZip.csproj", "{493761CB-5190-4283-8C6C-A8CEB5450CAB}"
EndProject
Project("{FAE04EC0-301F-11D3-BF4B-00C04F79EFBC}") = "Grand.Plugin.DiscountRules.HasAllProducts", "Plugins\Grand.Plugin.DiscountRules.HasAllProducts\Grand.Plugin.DiscountRules.HasAllProducts.csproj", "{36261AB6-2FD4-4BDA-A941-AF4CC18C21E5}"
EndProject
Project("{FAE04EC0-301F-11D3-BF4B-00C04F79EFBC}") = "Grand.Plugin.DiscountRules.HasOneProduct", "Plugins\Grand.Plugin.DiscountRules.HasOneProduct\Grand.Plugin.DiscountRules.HasOneProduct.csproj", "{5B956174-04FA-4E95-AA00-3736630FEEFB}"
EndProject
Project("{FAE04EC0-301F-11D3-BF4B-00C04F79EFBC}") = "Grand.Plugin.Shipping.ByWeight", "Plugins\Grand.Plugin.Shipping.ByWeight\Grand.Plugin.Shipping.ByWeight.csproj", "{0793FB50-67BB-461E-B961-2F45887464CF}"
EndProject
Project("{FAE04EC0-301F-11D3-BF4B-00C04F79EFBC}") = "Grand.Plugin.Payments.CheckMoneyOrder", "Plugins\Grand.Plugin.Payments.CheckMoneyOrder\Grand.Plugin.Payments.CheckMoneyOrder.csproj", "{5422ED35-2808-4790-B5E6-C86A383B2874}"
EndProject
Project("{FAE04EC0-301F-11D3-BF4B-00C04F79EFBC}") = "Grand.Plugin.Payments.PayPalStandard", "Plugins\Grand.Plugin.Payments.PayPalStandard\Grand.Plugin.Payments.PayPalStandard.csproj", "{5979DBFD-8471-4DF5-A0FD-96F6768205AA}"
EndProject
Project("{FAE04EC0-301F-11D3-BF4B-00C04F79EFBC}") = "Grand.Plugin.Payments.PayPalDirect", "Plugins\Grand.Plugin.Payments.PayPalDirect\Grand.Plugin.Payments.PayPalDirect.csproj", "{83235353-0D04-4028-82B2-81116E7361DA}"
EndProject
Project("{FAE04EC0-301F-11D3-BF4B-00C04F79EFBC}") = "Grand.Plugin.ExchangeRate.McExchange", "Plugins\Grand.Plugin.ExchangeRate.McExchange\Grand.Plugin.ExchangeRate.McExchange.csproj", "{D449B6D7-8670-4081-B729-A40DF88B8699}"
EndProject
Project("{FAE04EC0-301F-11D3-BF4B-00C04F79EFBC}") = "Grand.Plugin.Widgets.GoogleAnalytics", "Plugins\Grand.Plugin.Widgets.GoogleAnalytics\Grand.Plugin.Widgets.GoogleAnalytics.csproj", "{C2B83AF5-80F6-4B8C-8628-FA7DE10C3BB5}"
EndProject
Project("{FAE04EC0-301F-11D3-BF4B-00C04F79EFBC}") = "Grand.Plugin.ExternalAuth.Facebook", "Plugins\Grand.Plugin.ExternalAuth.Facebook\Grand.Plugin.ExternalAuth.Facebook.csproj", "{446FED73-BCA1-4D8F-BC13-EA1507C7EF29}"
EndProject
Project("{FAE04EC0-301F-11D3-BF4B-00C04F79EFBC}") = "Grand.Plugin.Misc.FacebookShop", "Plugins\Grand.Plugin.Misc.FacebookShop\Grand.Plugin.Misc.FacebookShop.csproj", "{6216A5CA-8599-4B53-8E70-F21CC6D4273C}"
EndProject
Project("{2150E333-8FDC-42A3-9474-1A3956D46DE8}") = "Tests", "Tests", "{63F6DD7F-17E6-4A62-8F4A-E3DCAFEB1582}"
EndProject
Project("{FAE04EC0-301F-11D3-BF4B-00C04F79EFBC}") = "Grand.Core.Tests", "Tests\Grand.Core.Tests\Grand.Core.Tests.csproj", "{A5F564FD-2300-45D8-BACF-FE9D1055D757}"
EndProject
Project("{FAE04EC0-301F-11D3-BF4B-00C04F79EFBC}") = "Grand.Services.Tests", "Tests\Grand.Services.Tests\Grand.Services.Tests.csproj", "{E32D01C5-1F2E-46F8-B33D-1D9C74D2D5C2}"
EndProject
Project("{FAE04EC0-301F-11D3-BF4B-00C04F79EFBC}") = "Grand.Plugin.Payments.CashOnDelivery", "Plugins\Grand.Plugin.Payments.CashOnDelivery\Grand.Plugin.Payments.CashOnDelivery.csproj", "{3D61DE73-5B82-40BD-A980-EA54533179C4}"
EndProject
Project("{FAE04EC0-301F-11D3-BF4B-00C04F79EFBC}") = "Grand.Plugin.Payments.PayInStore", "Plugins\Grand.Plugin.Payments.PayInStore\Grand.Plugin.Payments.PayInStore.csproj", "{A284F47B-9DAF-4475-BB79-7A418EECC01D}"
EndProject
Project("{FAE04EC0-301F-11D3-BF4B-00C04F79EFBC}") = "Grand.Plugin.Widgets.Slider", "Plugins\Grand.Plugin.Widgets.Slider\Grand.Plugin.Widgets.Slider.csproj", "{9978B382-0BCD-4621-B6B5-52E0E3B5F464}"
EndProject
Global
	GlobalSection(SolutionConfigurationPlatforms) = preSolution
		Debug|Any CPU = Debug|Any CPU
		Debug|Mixed Platforms = Debug|Mixed Platforms
		Debug|x86 = Debug|x86
		Release|Any CPU = Release|Any CPU
		Release|Mixed Platforms = Release|Mixed Platforms
		Release|x86 = Release|x86
	EndGlobalSection
	GlobalSection(ProjectConfigurationPlatforms) = postSolution
		{4F1F649C-1020-45BE-A487-F416D9297FF3}.Debug|Any CPU.ActiveCfg = Debug|Any CPU
		{4F1F649C-1020-45BE-A487-F416D9297FF3}.Debug|Any CPU.Build.0 = Debug|Any CPU
		{4F1F649C-1020-45BE-A487-F416D9297FF3}.Debug|Mixed Platforms.ActiveCfg = Debug|Any CPU
		{4F1F649C-1020-45BE-A487-F416D9297FF3}.Debug|Mixed Platforms.Build.0 = Debug|Any CPU
		{4F1F649C-1020-45BE-A487-F416D9297FF3}.Debug|x86.ActiveCfg = Debug|Any CPU
		{4F1F649C-1020-45BE-A487-F416D9297FF3}.Release|Any CPU.ActiveCfg = Release|Any CPU
		{4F1F649C-1020-45BE-A487-F416D9297FF3}.Release|Any CPU.Build.0 = Release|Any CPU
		{4F1F649C-1020-45BE-A487-F416D9297FF3}.Release|Mixed Platforms.ActiveCfg = Release|Any CPU
		{4F1F649C-1020-45BE-A487-F416D9297FF3}.Release|Mixed Platforms.Build.0 = Release|Any CPU
		{4F1F649C-1020-45BE-A487-F416D9297FF3}.Release|x86.ActiveCfg = Release|Any CPU
		{6BDA8332-939F-45B7-A25E-7A797260AE59}.Debug|Any CPU.ActiveCfg = Debug|Any CPU
		{6BDA8332-939F-45B7-A25E-7A797260AE59}.Debug|Any CPU.Build.0 = Debug|Any CPU
		{6BDA8332-939F-45B7-A25E-7A797260AE59}.Debug|Mixed Platforms.ActiveCfg = Debug|Any CPU
		{6BDA8332-939F-45B7-A25E-7A797260AE59}.Debug|Mixed Platforms.Build.0 = Debug|Any CPU
		{6BDA8332-939F-45B7-A25E-7A797260AE59}.Debug|x86.ActiveCfg = Debug|Any CPU
		{6BDA8332-939F-45B7-A25E-7A797260AE59}.Release|Any CPU.ActiveCfg = Release|Any CPU
		{6BDA8332-939F-45B7-A25E-7A797260AE59}.Release|Any CPU.Build.0 = Release|Any CPU
		{6BDA8332-939F-45B7-A25E-7A797260AE59}.Release|Mixed Platforms.ActiveCfg = Release|Any CPU
		{6BDA8332-939F-45B7-A25E-7A797260AE59}.Release|Mixed Platforms.Build.0 = Release|Any CPU
		{6BDA8332-939F-45B7-A25E-7A797260AE59}.Release|x86.ActiveCfg = Release|Any CPU
		{CCD7F2C9-6A2C-4CF0-8E89-076B8FC0F144}.Debug|Any CPU.ActiveCfg = Debug|Any CPU
		{CCD7F2C9-6A2C-4CF0-8E89-076B8FC0F144}.Debug|Any CPU.Build.0 = Debug|Any CPU
		{CCD7F2C9-6A2C-4CF0-8E89-076B8FC0F144}.Debug|Mixed Platforms.ActiveCfg = Debug|Any CPU
		{CCD7F2C9-6A2C-4CF0-8E89-076B8FC0F144}.Debug|Mixed Platforms.Build.0 = Debug|Any CPU
		{CCD7F2C9-6A2C-4CF0-8E89-076B8FC0F144}.Debug|x86.ActiveCfg = Debug|Any CPU
		{CCD7F2C9-6A2C-4CF0-8E89-076B8FC0F144}.Release|Any CPU.ActiveCfg = Release|Any CPU
		{CCD7F2C9-6A2C-4CF0-8E89-076B8FC0F144}.Release|Any CPU.Build.0 = Release|Any CPU
		{CCD7F2C9-6A2C-4CF0-8E89-076B8FC0F144}.Release|Mixed Platforms.ActiveCfg = Release|Any CPU
		{CCD7F2C9-6A2C-4CF0-8E89-076B8FC0F144}.Release|Mixed Platforms.Build.0 = Release|Any CPU
		{CCD7F2C9-6A2C-4CF0-8E89-076B8FC0F144}.Release|x86.ActiveCfg = Release|Any CPU
		{210541AD-F659-47DA-8763-16F36C5CD2F4}.Debug|Any CPU.ActiveCfg = Debug|Any CPU
		{210541AD-F659-47DA-8763-16F36C5CD2F4}.Debug|Any CPU.Build.0 = Debug|Any CPU
		{210541AD-F659-47DA-8763-16F36C5CD2F4}.Debug|Mixed Platforms.ActiveCfg = Debug|Any CPU
		{210541AD-F659-47DA-8763-16F36C5CD2F4}.Debug|Mixed Platforms.Build.0 = Debug|Any CPU
		{210541AD-F659-47DA-8763-16F36C5CD2F4}.Debug|x86.ActiveCfg = Debug|Any CPU
		{210541AD-F659-47DA-8763-16F36C5CD2F4}.Release|Any CPU.ActiveCfg = Release|Any CPU
		{210541AD-F659-47DA-8763-16F36C5CD2F4}.Release|Any CPU.Build.0 = Release|Any CPU
		{210541AD-F659-47DA-8763-16F36C5CD2F4}.Release|Mixed Platforms.ActiveCfg = Release|Any CPU
		{210541AD-F659-47DA-8763-16F36C5CD2F4}.Release|Mixed Platforms.Build.0 = Release|Any CPU
		{210541AD-F659-47DA-8763-16F36C5CD2F4}.Release|x86.ActiveCfg = Release|Any CPU
		{60E882EA-9ACB-4EFE-82A0-8FB1F5884B04}.Debug|Any CPU.ActiveCfg = Debug|Any CPU
		{60E882EA-9ACB-4EFE-82A0-8FB1F5884B04}.Debug|Any CPU.Build.0 = Debug|Any CPU
		{60E882EA-9ACB-4EFE-82A0-8FB1F5884B04}.Debug|Mixed Platforms.ActiveCfg = Debug|Any CPU
		{60E882EA-9ACB-4EFE-82A0-8FB1F5884B04}.Debug|Mixed Platforms.Build.0 = Debug|Any CPU
		{60E882EA-9ACB-4EFE-82A0-8FB1F5884B04}.Debug|x86.ActiveCfg = Debug|Any CPU
		{60E882EA-9ACB-4EFE-82A0-8FB1F5884B04}.Release|Any CPU.ActiveCfg = Release|Any CPU
		{60E882EA-9ACB-4EFE-82A0-8FB1F5884B04}.Release|Any CPU.Build.0 = Release|Any CPU
		{60E882EA-9ACB-4EFE-82A0-8FB1F5884B04}.Release|Mixed Platforms.ActiveCfg = Release|Any CPU
		{60E882EA-9ACB-4EFE-82A0-8FB1F5884B04}.Release|Mixed Platforms.Build.0 = Release|Any CPU
		{60E882EA-9ACB-4EFE-82A0-8FB1F5884B04}.Release|x86.ActiveCfg = Release|Any CPU
		{2DCB7949-24C2-49C7-872C-C948E43717E7}.Debug|Any CPU.ActiveCfg = Debug|Any CPU
		{2DCB7949-24C2-49C7-872C-C948E43717E7}.Debug|Any CPU.Build.0 = Debug|Any CPU
		{2DCB7949-24C2-49C7-872C-C948E43717E7}.Debug|Mixed Platforms.ActiveCfg = Debug|Any CPU
		{2DCB7949-24C2-49C7-872C-C948E43717E7}.Debug|Mixed Platforms.Build.0 = Debug|Any CPU
		{2DCB7949-24C2-49C7-872C-C948E43717E7}.Debug|x86.ActiveCfg = Debug|Any CPU
		{2DCB7949-24C2-49C7-872C-C948E43717E7}.Release|Any CPU.ActiveCfg = Release|Any CPU
		{2DCB7949-24C2-49C7-872C-C948E43717E7}.Release|Any CPU.Build.0 = Release|Any CPU
		{2DCB7949-24C2-49C7-872C-C948E43717E7}.Release|Mixed Platforms.ActiveCfg = Release|Any CPU
		{2DCB7949-24C2-49C7-872C-C948E43717E7}.Release|Mixed Platforms.Build.0 = Release|Any CPU
		{2DCB7949-24C2-49C7-872C-C948E43717E7}.Release|x86.ActiveCfg = Release|Any CPU
		{D28CAD64-4C88-48CB-8AA4-10B7D050BE56}.Debug|Any CPU.ActiveCfg = Debug|Any CPU
		{D28CAD64-4C88-48CB-8AA4-10B7D050BE56}.Debug|Any CPU.Build.0 = Debug|Any CPU
		{D28CAD64-4C88-48CB-8AA4-10B7D050BE56}.Debug|Mixed Platforms.ActiveCfg = Debug|Any CPU
		{D28CAD64-4C88-48CB-8AA4-10B7D050BE56}.Debug|Mixed Platforms.Build.0 = Debug|Any CPU
		{D28CAD64-4C88-48CB-8AA4-10B7D050BE56}.Debug|x86.ActiveCfg = Debug|Any CPU
		{D28CAD64-4C88-48CB-8AA4-10B7D050BE56}.Release|Any CPU.ActiveCfg = Release|Any CPU
		{D28CAD64-4C88-48CB-8AA4-10B7D050BE56}.Release|Any CPU.Build.0 = Release|Any CPU
		{D28CAD64-4C88-48CB-8AA4-10B7D050BE56}.Release|Mixed Platforms.ActiveCfg = Release|Any CPU
		{D28CAD64-4C88-48CB-8AA4-10B7D050BE56}.Release|Mixed Platforms.Build.0 = Release|Any CPU
		{D28CAD64-4C88-48CB-8AA4-10B7D050BE56}.Release|x86.ActiveCfg = Release|Any CPU
		{C4FFB99C-8A99-47E2-B863-3586AE2CF9C9}.Debug|Any CPU.ActiveCfg = Debug|Any CPU
		{C4FFB99C-8A99-47E2-B863-3586AE2CF9C9}.Debug|Any CPU.Build.0 = Debug|Any CPU
		{C4FFB99C-8A99-47E2-B863-3586AE2CF9C9}.Debug|Mixed Platforms.ActiveCfg = Debug|Any CPU
		{C4FFB99C-8A99-47E2-B863-3586AE2CF9C9}.Debug|Mixed Platforms.Build.0 = Debug|Any CPU
		{C4FFB99C-8A99-47E2-B863-3586AE2CF9C9}.Debug|x86.ActiveCfg = Debug|Any CPU
		{C4FFB99C-8A99-47E2-B863-3586AE2CF9C9}.Release|Any CPU.ActiveCfg = Release|Any CPU
		{C4FFB99C-8A99-47E2-B863-3586AE2CF9C9}.Release|Any CPU.Build.0 = Release|Any CPU
		{C4FFB99C-8A99-47E2-B863-3586AE2CF9C9}.Release|Mixed Platforms.ActiveCfg = Release|Any CPU
		{C4FFB99C-8A99-47E2-B863-3586AE2CF9C9}.Release|Mixed Platforms.Build.0 = Release|Any CPU
		{C4FFB99C-8A99-47E2-B863-3586AE2CF9C9}.Release|x86.ActiveCfg = Release|Any CPU
		{75FD4163-333C-4DD5-854D-2EF294E45D94}.Debug|Any CPU.ActiveCfg = Debug|Any CPU
		{75FD4163-333C-4DD5-854D-2EF294E45D94}.Debug|Any CPU.Build.0 = Debug|Any CPU
		{75FD4163-333C-4DD5-854D-2EF294E45D94}.Debug|Mixed Platforms.ActiveCfg = Debug|Any CPU
		{75FD4163-333C-4DD5-854D-2EF294E45D94}.Debug|Mixed Platforms.Build.0 = Debug|Any CPU
		{75FD4163-333C-4DD5-854D-2EF294E45D94}.Debug|x86.ActiveCfg = Debug|Any CPU
		{75FD4163-333C-4DD5-854D-2EF294E45D94}.Release|Any CPU.ActiveCfg = Release|Any CPU
		{75FD4163-333C-4DD5-854D-2EF294E45D94}.Release|Any CPU.Build.0 = Release|Any CPU
		{75FD4163-333C-4DD5-854D-2EF294E45D94}.Release|Mixed Platforms.ActiveCfg = Release|Any CPU
		{75FD4163-333C-4DD5-854D-2EF294E45D94}.Release|Mixed Platforms.Build.0 = Release|Any CPU
		{75FD4163-333C-4DD5-854D-2EF294E45D94}.Release|x86.ActiveCfg = Release|Any CPU
		{152C761A-DD2E-4C1F-AF89-DFB2547A3BCA}.Debug|Any CPU.ActiveCfg = Debug|Any CPU
		{152C761A-DD2E-4C1F-AF89-DFB2547A3BCA}.Debug|Any CPU.Build.0 = Debug|Any CPU
		{152C761A-DD2E-4C1F-AF89-DFB2547A3BCA}.Debug|Mixed Platforms.ActiveCfg = Debug|Any CPU
		{152C761A-DD2E-4C1F-AF89-DFB2547A3BCA}.Debug|Mixed Platforms.Build.0 = Debug|Any CPU
		{152C761A-DD2E-4C1F-AF89-DFB2547A3BCA}.Debug|x86.ActiveCfg = Debug|Any CPU
		{152C761A-DD2E-4C1F-AF89-DFB2547A3BCA}.Release|Any CPU.ActiveCfg = Release|Any CPU
		{152C761A-DD2E-4C1F-AF89-DFB2547A3BCA}.Release|Any CPU.Build.0 = Release|Any CPU
		{152C761A-DD2E-4C1F-AF89-DFB2547A3BCA}.Release|Mixed Platforms.ActiveCfg = Release|Any CPU
		{152C761A-DD2E-4C1F-AF89-DFB2547A3BCA}.Release|Mixed Platforms.Build.0 = Release|Any CPU
		{152C761A-DD2E-4C1F-AF89-DFB2547A3BCA}.Release|x86.ActiveCfg = Release|Any CPU
		{965A02F0-FC84-4AC4-91E4-79EADFC1CA9D}.Debug|Any CPU.ActiveCfg = Debug|Any CPU
		{965A02F0-FC84-4AC4-91E4-79EADFC1CA9D}.Debug|Any CPU.Build.0 = Debug|Any CPU
		{965A02F0-FC84-4AC4-91E4-79EADFC1CA9D}.Debug|Mixed Platforms.ActiveCfg = Debug|Any CPU
		{965A02F0-FC84-4AC4-91E4-79EADFC1CA9D}.Debug|Mixed Platforms.Build.0 = Debug|Any CPU
		{965A02F0-FC84-4AC4-91E4-79EADFC1CA9D}.Debug|x86.ActiveCfg = Debug|Any CPU
		{965A02F0-FC84-4AC4-91E4-79EADFC1CA9D}.Release|Any CPU.ActiveCfg = Release|Any CPU
		{965A02F0-FC84-4AC4-91E4-79EADFC1CA9D}.Release|Any CPU.Build.0 = Release|Any CPU
		{965A02F0-FC84-4AC4-91E4-79EADFC1CA9D}.Release|Mixed Platforms.ActiveCfg = Release|Any CPU
		{965A02F0-FC84-4AC4-91E4-79EADFC1CA9D}.Release|Mixed Platforms.Build.0 = Release|Any CPU
		{965A02F0-FC84-4AC4-91E4-79EADFC1CA9D}.Release|x86.ActiveCfg = Release|Any CPU
		{493761CB-5190-4283-8C6C-A8CEB5450CAB}.Debug|Any CPU.ActiveCfg = Debug|Any CPU
		{493761CB-5190-4283-8C6C-A8CEB5450CAB}.Debug|Any CPU.Build.0 = Debug|Any CPU
		{493761CB-5190-4283-8C6C-A8CEB5450CAB}.Debug|Mixed Platforms.ActiveCfg = Debug|Any CPU
		{493761CB-5190-4283-8C6C-A8CEB5450CAB}.Debug|Mixed Platforms.Build.0 = Debug|Any CPU
		{493761CB-5190-4283-8C6C-A8CEB5450CAB}.Debug|x86.ActiveCfg = Debug|Any CPU
		{493761CB-5190-4283-8C6C-A8CEB5450CAB}.Release|Any CPU.ActiveCfg = Release|Any CPU
		{493761CB-5190-4283-8C6C-A8CEB5450CAB}.Release|Any CPU.Build.0 = Release|Any CPU
		{493761CB-5190-4283-8C6C-A8CEB5450CAB}.Release|Mixed Platforms.ActiveCfg = Release|Any CPU
		{493761CB-5190-4283-8C6C-A8CEB5450CAB}.Release|Mixed Platforms.Build.0 = Release|Any CPU
		{493761CB-5190-4283-8C6C-A8CEB5450CAB}.Release|x86.ActiveCfg = Release|Any CPU
		{36261AB6-2FD4-4BDA-A941-AF4CC18C21E5}.Debug|Any CPU.ActiveCfg = Debug|Any CPU
		{36261AB6-2FD4-4BDA-A941-AF4CC18C21E5}.Debug|Any CPU.Build.0 = Debug|Any CPU
		{36261AB6-2FD4-4BDA-A941-AF4CC18C21E5}.Debug|Mixed Platforms.ActiveCfg = Debug|Any CPU
		{36261AB6-2FD4-4BDA-A941-AF4CC18C21E5}.Debug|Mixed Platforms.Build.0 = Debug|Any CPU
		{36261AB6-2FD4-4BDA-A941-AF4CC18C21E5}.Debug|x86.ActiveCfg = Debug|Any CPU
		{36261AB6-2FD4-4BDA-A941-AF4CC18C21E5}.Release|Any CPU.ActiveCfg = Release|Any CPU
		{36261AB6-2FD4-4BDA-A941-AF4CC18C21E5}.Release|Any CPU.Build.0 = Release|Any CPU
		{36261AB6-2FD4-4BDA-A941-AF4CC18C21E5}.Release|Mixed Platforms.ActiveCfg = Release|Any CPU
		{36261AB6-2FD4-4BDA-A941-AF4CC18C21E5}.Release|Mixed Platforms.Build.0 = Release|Any CPU
		{36261AB6-2FD4-4BDA-A941-AF4CC18C21E5}.Release|x86.ActiveCfg = Release|Any CPU
		{5B956174-04FA-4E95-AA00-3736630FEEFB}.Debug|Any CPU.ActiveCfg = Debug|Any CPU
		{5B956174-04FA-4E95-AA00-3736630FEEFB}.Debug|Any CPU.Build.0 = Debug|Any CPU
		{5B956174-04FA-4E95-AA00-3736630FEEFB}.Debug|Mixed Platforms.ActiveCfg = Debug|Any CPU
		{5B956174-04FA-4E95-AA00-3736630FEEFB}.Debug|Mixed Platforms.Build.0 = Debug|Any CPU
		{5B956174-04FA-4E95-AA00-3736630FEEFB}.Debug|x86.ActiveCfg = Debug|Any CPU
		{5B956174-04FA-4E95-AA00-3736630FEEFB}.Release|Any CPU.ActiveCfg = Release|Any CPU
		{5B956174-04FA-4E95-AA00-3736630FEEFB}.Release|Any CPU.Build.0 = Release|Any CPU
		{5B956174-04FA-4E95-AA00-3736630FEEFB}.Release|Mixed Platforms.ActiveCfg = Release|Any CPU
		{5B956174-04FA-4E95-AA00-3736630FEEFB}.Release|Mixed Platforms.Build.0 = Release|Any CPU
		{5B956174-04FA-4E95-AA00-3736630FEEFB}.Release|x86.ActiveCfg = Release|Any CPU
		{0793FB50-67BB-461E-B961-2F45887464CF}.Debug|Any CPU.ActiveCfg = Debug|Any CPU
		{0793FB50-67BB-461E-B961-2F45887464CF}.Debug|Any CPU.Build.0 = Debug|Any CPU
		{0793FB50-67BB-461E-B961-2F45887464CF}.Debug|Mixed Platforms.ActiveCfg = Debug|Any CPU
		{0793FB50-67BB-461E-B961-2F45887464CF}.Debug|Mixed Platforms.Build.0 = Debug|Any CPU
		{0793FB50-67BB-461E-B961-2F45887464CF}.Debug|x86.ActiveCfg = Debug|Any CPU
		{0793FB50-67BB-461E-B961-2F45887464CF}.Release|Any CPU.ActiveCfg = Release|Any CPU
		{0793FB50-67BB-461E-B961-2F45887464CF}.Release|Any CPU.Build.0 = Release|Any CPU
		{0793FB50-67BB-461E-B961-2F45887464CF}.Release|Mixed Platforms.ActiveCfg = Release|Any CPU
		{0793FB50-67BB-461E-B961-2F45887464CF}.Release|Mixed Platforms.Build.0 = Release|Any CPU
		{0793FB50-67BB-461E-B961-2F45887464CF}.Release|x86.ActiveCfg = Release|Any CPU
		{5422ED35-2808-4790-B5E6-C86A383B2874}.Debug|Any CPU.ActiveCfg = Debug|Any CPU
		{5422ED35-2808-4790-B5E6-C86A383B2874}.Debug|Any CPU.Build.0 = Debug|Any CPU
		{5422ED35-2808-4790-B5E6-C86A383B2874}.Debug|Mixed Platforms.ActiveCfg = Debug|Any CPU
		{5422ED35-2808-4790-B5E6-C86A383B2874}.Debug|Mixed Platforms.Build.0 = Debug|Any CPU
		{5422ED35-2808-4790-B5E6-C86A383B2874}.Debug|x86.ActiveCfg = Debug|Any CPU
		{5422ED35-2808-4790-B5E6-C86A383B2874}.Release|Any CPU.ActiveCfg = Release|Any CPU
		{5422ED35-2808-4790-B5E6-C86A383B2874}.Release|Any CPU.Build.0 = Release|Any CPU
		{5422ED35-2808-4790-B5E6-C86A383B2874}.Release|Mixed Platforms.ActiveCfg = Release|Any CPU
		{5422ED35-2808-4790-B5E6-C86A383B2874}.Release|Mixed Platforms.Build.0 = Release|Any CPU
		{5422ED35-2808-4790-B5E6-C86A383B2874}.Release|x86.ActiveCfg = Release|Any CPU
		{5979DBFD-8471-4DF5-A0FD-96F6768205AA}.Debug|Any CPU.ActiveCfg = Debug|Any CPU
		{5979DBFD-8471-4DF5-A0FD-96F6768205AA}.Debug|Any CPU.Build.0 = Debug|Any CPU
		{5979DBFD-8471-4DF5-A0FD-96F6768205AA}.Debug|Mixed Platforms.ActiveCfg = Debug|Any CPU
		{5979DBFD-8471-4DF5-A0FD-96F6768205AA}.Debug|Mixed Platforms.Build.0 = Debug|Any CPU
		{5979DBFD-8471-4DF5-A0FD-96F6768205AA}.Debug|x86.ActiveCfg = Debug|Any CPU
		{5979DBFD-8471-4DF5-A0FD-96F6768205AA}.Release|Any CPU.ActiveCfg = Release|Any CPU
		{5979DBFD-8471-4DF5-A0FD-96F6768205AA}.Release|Any CPU.Build.0 = Release|Any CPU
		{5979DBFD-8471-4DF5-A0FD-96F6768205AA}.Release|Mixed Platforms.ActiveCfg = Release|Any CPU
		{5979DBFD-8471-4DF5-A0FD-96F6768205AA}.Release|Mixed Platforms.Build.0 = Release|Any CPU
		{5979DBFD-8471-4DF5-A0FD-96F6768205AA}.Release|x86.ActiveCfg = Release|Any CPU
		{83235353-0D04-4028-82B2-81116E7361DA}.Debug|Any CPU.ActiveCfg = Debug|Any CPU
		{83235353-0D04-4028-82B2-81116E7361DA}.Debug|Any CPU.Build.0 = Debug|Any CPU
		{83235353-0D04-4028-82B2-81116E7361DA}.Debug|Mixed Platforms.ActiveCfg = Debug|Any CPU
		{83235353-0D04-4028-82B2-81116E7361DA}.Debug|Mixed Platforms.Build.0 = Debug|Any CPU
		{83235353-0D04-4028-82B2-81116E7361DA}.Debug|x86.ActiveCfg = Debug|Any CPU
		{83235353-0D04-4028-82B2-81116E7361DA}.Release|Any CPU.ActiveCfg = Release|Any CPU
		{83235353-0D04-4028-82B2-81116E7361DA}.Release|Any CPU.Build.0 = Release|Any CPU
		{83235353-0D04-4028-82B2-81116E7361DA}.Release|Mixed Platforms.ActiveCfg = Release|Any CPU
		{83235353-0D04-4028-82B2-81116E7361DA}.Release|Mixed Platforms.Build.0 = Release|Any CPU
		{83235353-0D04-4028-82B2-81116E7361DA}.Release|x86.ActiveCfg = Release|Any CPU
		{D449B6D7-8670-4081-B729-A40DF88B8699}.Debug|Any CPU.ActiveCfg = Debug|Any CPU
		{D449B6D7-8670-4081-B729-A40DF88B8699}.Debug|Any CPU.Build.0 = Debug|Any CPU
		{D449B6D7-8670-4081-B729-A40DF88B8699}.Debug|Mixed Platforms.ActiveCfg = Debug|Any CPU
		{D449B6D7-8670-4081-B729-A40DF88B8699}.Debug|Mixed Platforms.Build.0 = Debug|Any CPU
		{D449B6D7-8670-4081-B729-A40DF88B8699}.Debug|x86.ActiveCfg = Debug|Any CPU
		{D449B6D7-8670-4081-B729-A40DF88B8699}.Release|Any CPU.ActiveCfg = Release|Any CPU
		{D449B6D7-8670-4081-B729-A40DF88B8699}.Release|Any CPU.Build.0 = Release|Any CPU
		{D449B6D7-8670-4081-B729-A40DF88B8699}.Release|Mixed Platforms.ActiveCfg = Release|Any CPU
		{D449B6D7-8670-4081-B729-A40DF88B8699}.Release|Mixed Platforms.Build.0 = Release|Any CPU
		{D449B6D7-8670-4081-B729-A40DF88B8699}.Release|x86.ActiveCfg = Release|Any CPU
		{C2B83AF5-80F6-4B8C-8628-FA7DE10C3BB5}.Debug|Any CPU.ActiveCfg = Debug|Any CPU
		{C2B83AF5-80F6-4B8C-8628-FA7DE10C3BB5}.Debug|Any CPU.Build.0 = Debug|Any CPU
		{C2B83AF5-80F6-4B8C-8628-FA7DE10C3BB5}.Debug|Mixed Platforms.ActiveCfg = Debug|Any CPU
		{C2B83AF5-80F6-4B8C-8628-FA7DE10C3BB5}.Debug|Mixed Platforms.Build.0 = Debug|Any CPU
		{C2B83AF5-80F6-4B8C-8628-FA7DE10C3BB5}.Debug|x86.ActiveCfg = Debug|Any CPU
		{C2B83AF5-80F6-4B8C-8628-FA7DE10C3BB5}.Release|Any CPU.ActiveCfg = Release|Any CPU
		{C2B83AF5-80F6-4B8C-8628-FA7DE10C3BB5}.Release|Any CPU.Build.0 = Release|Any CPU
		{C2B83AF5-80F6-4B8C-8628-FA7DE10C3BB5}.Release|Mixed Platforms.ActiveCfg = Release|Any CPU
		{C2B83AF5-80F6-4B8C-8628-FA7DE10C3BB5}.Release|Mixed Platforms.Build.0 = Release|Any CPU
		{C2B83AF5-80F6-4B8C-8628-FA7DE10C3BB5}.Release|x86.ActiveCfg = Release|Any CPU
		{446FED73-BCA1-4D8F-BC13-EA1507C7EF29}.Debug|Any CPU.ActiveCfg = Debug|Any CPU
		{446FED73-BCA1-4D8F-BC13-EA1507C7EF29}.Debug|Any CPU.Build.0 = Debug|Any CPU
		{446FED73-BCA1-4D8F-BC13-EA1507C7EF29}.Debug|Mixed Platforms.ActiveCfg = Debug|Any CPU
		{446FED73-BCA1-4D8F-BC13-EA1507C7EF29}.Debug|Mixed Platforms.Build.0 = Debug|Any CPU
		{446FED73-BCA1-4D8F-BC13-EA1507C7EF29}.Debug|x86.ActiveCfg = Debug|Any CPU
		{446FED73-BCA1-4D8F-BC13-EA1507C7EF29}.Release|Any CPU.ActiveCfg = Release|Any CPU
		{446FED73-BCA1-4D8F-BC13-EA1507C7EF29}.Release|Any CPU.Build.0 = Release|Any CPU
		{446FED73-BCA1-4D8F-BC13-EA1507C7EF29}.Release|Mixed Platforms.ActiveCfg = Release|Any CPU
		{446FED73-BCA1-4D8F-BC13-EA1507C7EF29}.Release|Mixed Platforms.Build.0 = Release|Any CPU
		{446FED73-BCA1-4D8F-BC13-EA1507C7EF29}.Release|x86.ActiveCfg = Release|Any CPU
		{6216A5CA-8599-4B53-8E70-F21CC6D4273C}.Debug|Any CPU.ActiveCfg = Debug|Any CPU
		{6216A5CA-8599-4B53-8E70-F21CC6D4273C}.Debug|Any CPU.Build.0 = Debug|Any CPU
		{6216A5CA-8599-4B53-8E70-F21CC6D4273C}.Debug|Mixed Platforms.ActiveCfg = Debug|Any CPU
		{6216A5CA-8599-4B53-8E70-F21CC6D4273C}.Debug|Mixed Platforms.Build.0 = Debug|Any CPU
		{6216A5CA-8599-4B53-8E70-F21CC6D4273C}.Debug|x86.ActiveCfg = Debug|Any CPU
		{6216A5CA-8599-4B53-8E70-F21CC6D4273C}.Release|Any CPU.ActiveCfg = Release|Any CPU
		{6216A5CA-8599-4B53-8E70-F21CC6D4273C}.Release|Any CPU.Build.0 = Release|Any CPU
		{6216A5CA-8599-4B53-8E70-F21CC6D4273C}.Release|Mixed Platforms.ActiveCfg = Release|Any CPU
		{6216A5CA-8599-4B53-8E70-F21CC6D4273C}.Release|Mixed Platforms.Build.0 = Release|Any CPU
		{6216A5CA-8599-4B53-8E70-F21CC6D4273C}.Release|x86.ActiveCfg = Release|Any CPU
		{A5F564FD-2300-45D8-BACF-FE9D1055D757}.Debug|Any CPU.ActiveCfg = Debug|Any CPU
		{A5F564FD-2300-45D8-BACF-FE9D1055D757}.Debug|Any CPU.Build.0 = Debug|Any CPU
		{A5F564FD-2300-45D8-BACF-FE9D1055D757}.Debug|Mixed Platforms.ActiveCfg = Debug|Any CPU
		{A5F564FD-2300-45D8-BACF-FE9D1055D757}.Debug|Mixed Platforms.Build.0 = Debug|Any CPU
		{A5F564FD-2300-45D8-BACF-FE9D1055D757}.Debug|x86.ActiveCfg = Debug|Any CPU
		{A5F564FD-2300-45D8-BACF-FE9D1055D757}.Debug|x86.Build.0 = Debug|Any CPU
		{A5F564FD-2300-45D8-BACF-FE9D1055D757}.Release|Any CPU.ActiveCfg = Release|Any CPU
		{A5F564FD-2300-45D8-BACF-FE9D1055D757}.Release|Any CPU.Build.0 = Release|Any CPU
		{A5F564FD-2300-45D8-BACF-FE9D1055D757}.Release|Mixed Platforms.ActiveCfg = Release|Any CPU
		{A5F564FD-2300-45D8-BACF-FE9D1055D757}.Release|Mixed Platforms.Build.0 = Release|Any CPU
		{A5F564FD-2300-45D8-BACF-FE9D1055D757}.Release|x86.ActiveCfg = Release|Any CPU
		{A5F564FD-2300-45D8-BACF-FE9D1055D757}.Release|x86.Build.0 = Release|Any CPU
		{E32D01C5-1F2E-46F8-B33D-1D9C74D2D5C2}.Debug|Any CPU.ActiveCfg = Debug|Any CPU
		{E32D01C5-1F2E-46F8-B33D-1D9C74D2D5C2}.Debug|Any CPU.Build.0 = Debug|Any CPU
		{E32D01C5-1F2E-46F8-B33D-1D9C74D2D5C2}.Debug|Mixed Platforms.ActiveCfg = Debug|Any CPU
		{E32D01C5-1F2E-46F8-B33D-1D9C74D2D5C2}.Debug|Mixed Platforms.Build.0 = Debug|Any CPU
		{E32D01C5-1F2E-46F8-B33D-1D9C74D2D5C2}.Debug|x86.ActiveCfg = Debug|Any CPU
		{E32D01C5-1F2E-46F8-B33D-1D9C74D2D5C2}.Debug|x86.Build.0 = Debug|Any CPU
		{E32D01C5-1F2E-46F8-B33D-1D9C74D2D5C2}.Release|Any CPU.ActiveCfg = Release|Any CPU
		{E32D01C5-1F2E-46F8-B33D-1D9C74D2D5C2}.Release|Any CPU.Build.0 = Release|Any CPU
		{E32D01C5-1F2E-46F8-B33D-1D9C74D2D5C2}.Release|Mixed Platforms.ActiveCfg = Release|Any CPU
		{E32D01C5-1F2E-46F8-B33D-1D9C74D2D5C2}.Release|Mixed Platforms.Build.0 = Release|Any CPU
		{E32D01C5-1F2E-46F8-B33D-1D9C74D2D5C2}.Release|x86.ActiveCfg = Release|Any CPU
		{E32D01C5-1F2E-46F8-B33D-1D9C74D2D5C2}.Release|x86.Build.0 = Release|Any CPU
		{3D61DE73-5B82-40BD-A980-EA54533179C4}.Debug|Any CPU.ActiveCfg = Debug|Any CPU
		{3D61DE73-5B82-40BD-A980-EA54533179C4}.Debug|Any CPU.Build.0 = Debug|Any CPU
		{3D61DE73-5B82-40BD-A980-EA54533179C4}.Debug|Mixed Platforms.ActiveCfg = Debug|Any CPU
		{3D61DE73-5B82-40BD-A980-EA54533179C4}.Debug|Mixed Platforms.Build.0 = Debug|Any CPU
		{3D61DE73-5B82-40BD-A980-EA54533179C4}.Debug|x86.ActiveCfg = Debug|Any CPU
		{3D61DE73-5B82-40BD-A980-EA54533179C4}.Debug|x86.Build.0 = Debug|Any CPU
		{3D61DE73-5B82-40BD-A980-EA54533179C4}.Release|Any CPU.ActiveCfg = Release|Any CPU
		{3D61DE73-5B82-40BD-A980-EA54533179C4}.Release|Any CPU.Build.0 = Release|Any CPU
		{3D61DE73-5B82-40BD-A980-EA54533179C4}.Release|Mixed Platforms.ActiveCfg = Release|Any CPU
		{3D61DE73-5B82-40BD-A980-EA54533179C4}.Release|Mixed Platforms.Build.0 = Release|Any CPU
		{3D61DE73-5B82-40BD-A980-EA54533179C4}.Release|x86.ActiveCfg = Release|Any CPU
		{3D61DE73-5B82-40BD-A980-EA54533179C4}.Release|x86.Build.0 = Release|Any CPU
		{A284F47B-9DAF-4475-BB79-7A418EECC01D}.Debug|Any CPU.ActiveCfg = Debug|Any CPU
		{A284F47B-9DAF-4475-BB79-7A418EECC01D}.Debug|Any CPU.Build.0 = Debug|Any CPU
		{A284F47B-9DAF-4475-BB79-7A418EECC01D}.Debug|Mixed Platforms.ActiveCfg = Debug|Any CPU
		{A284F47B-9DAF-4475-BB79-7A418EECC01D}.Debug|Mixed Platforms.Build.0 = Debug|Any CPU
		{A284F47B-9DAF-4475-BB79-7A418EECC01D}.Debug|x86.ActiveCfg = Debug|Any CPU
		{A284F47B-9DAF-4475-BB79-7A418EECC01D}.Debug|x86.Build.0 = Debug|Any CPU
		{A284F47B-9DAF-4475-BB79-7A418EECC01D}.Release|Any CPU.ActiveCfg = Release|Any CPU
		{A284F47B-9DAF-4475-BB79-7A418EECC01D}.Release|Any CPU.Build.0 = Release|Any CPU
		{A284F47B-9DAF-4475-BB79-7A418EECC01D}.Release|Mixed Platforms.ActiveCfg = Release|Any CPU
		{A284F47B-9DAF-4475-BB79-7A418EECC01D}.Release|Mixed Platforms.Build.0 = Release|Any CPU
		{A284F47B-9DAF-4475-BB79-7A418EECC01D}.Release|x86.ActiveCfg = Release|Any CPU
		{A284F47B-9DAF-4475-BB79-7A418EECC01D}.Release|x86.Build.0 = Release|Any CPU
		{9978B382-0BCD-4621-B6B5-52E0E3B5F464}.Debug|Any CPU.ActiveCfg = Debug|Any CPU
		{9978B382-0BCD-4621-B6B5-52E0E3B5F464}.Debug|Any CPU.Build.0 = Debug|Any CPU
		{9978B382-0BCD-4621-B6B5-52E0E3B5F464}.Debug|Mixed Platforms.ActiveCfg = Debug|Any CPU
		{9978B382-0BCD-4621-B6B5-52E0E3B5F464}.Debug|Mixed Platforms.Build.0 = Debug|Any CPU
		{9978B382-0BCD-4621-B6B5-52E0E3B5F464}.Debug|x86.ActiveCfg = Debug|Any CPU
		{9978B382-0BCD-4621-B6B5-52E0E3B5F464}.Debug|x86.Build.0 = Debug|Any CPU
		{9978B382-0BCD-4621-B6B5-52E0E3B5F464}.Release|Any CPU.ActiveCfg = Release|Any CPU
		{9978B382-0BCD-4621-B6B5-52E0E3B5F464}.Release|Any CPU.Build.0 = Release|Any CPU
		{9978B382-0BCD-4621-B6B5-52E0E3B5F464}.Release|Mixed Platforms.ActiveCfg = Release|Any CPU
		{9978B382-0BCD-4621-B6B5-52E0E3B5F464}.Release|Mixed Platforms.Build.0 = Release|Any CPU
		{9978B382-0BCD-4621-B6B5-52E0E3B5F464}.Release|x86.ActiveCfg = Release|Any CPU
		{9978B382-0BCD-4621-B6B5-52E0E3B5F464}.Release|x86.Build.0 = Release|Any CPU
	EndGlobalSection
	GlobalSection(SolutionProperties) = preSolution
		HideSolutionNode = FALSE
	EndGlobalSection
	GlobalSection(NestedProjects) = preSolution
		{4F1F649C-1020-45BE-A487-F416D9297FF3} = {B09156FB-8291-46A2-AF37-67CE97CFB5A6}
		{6BDA8332-939F-45B7-A25E-7A797260AE59} = {E4ACA93B-D3DE-4557-B069-F1DB42925A4B}
		{CCD7F2C9-6A2C-4CF0-8E89-076B8FC0F144} = {E4ACA93B-D3DE-4557-B069-F1DB42925A4B}
		{210541AD-F659-47DA-8763-16F36C5CD2F4} = {E4ACA93B-D3DE-4557-B069-F1DB42925A4B}
		{60E882EA-9ACB-4EFE-82A0-8FB1F5884B04} = {7881B112-7843-4542-B1F7-F99553FB9BB7}
		{2DCB7949-24C2-49C7-872C-C948E43717E7} = {7881B112-7843-4542-B1F7-F99553FB9BB7}
		{D28CAD64-4C88-48CB-8AA4-10B7D050BE56} = {7881B112-7843-4542-B1F7-F99553FB9BB7}
		{C4FFB99C-8A99-47E2-B863-3586AE2CF9C9} = {7881B112-7843-4542-B1F7-F99553FB9BB7}
		{75FD4163-333C-4DD5-854D-2EF294E45D94} = {B09156FB-8291-46A2-AF37-67CE97CFB5A6}
		{152C761A-DD2E-4C1F-AF89-DFB2547A3BCA} = {B09156FB-8291-46A2-AF37-67CE97CFB5A6}
		{965A02F0-FC84-4AC4-91E4-79EADFC1CA9D} = {7881B112-7843-4542-B1F7-F99553FB9BB7}
		{493761CB-5190-4283-8C6C-A8CEB5450CAB} = {7881B112-7843-4542-B1F7-F99553FB9BB7}
		{36261AB6-2FD4-4BDA-A941-AF4CC18C21E5} = {7881B112-7843-4542-B1F7-F99553FB9BB7}
		{5B956174-04FA-4E95-AA00-3736630FEEFB} = {7881B112-7843-4542-B1F7-F99553FB9BB7}
		{0793FB50-67BB-461E-B961-2F45887464CF} = {7881B112-7843-4542-B1F7-F99553FB9BB7}
		{5422ED35-2808-4790-B5E6-C86A383B2874} = {7881B112-7843-4542-B1F7-F99553FB9BB7}
		{5979DBFD-8471-4DF5-A0FD-96F6768205AA} = {7881B112-7843-4542-B1F7-F99553FB9BB7}
		{83235353-0D04-4028-82B2-81116E7361DA} = {7881B112-7843-4542-B1F7-F99553FB9BB7}
		{D449B6D7-8670-4081-B729-A40DF88B8699} = {7881B112-7843-4542-B1F7-F99553FB9BB7}
		{C2B83AF5-80F6-4B8C-8628-FA7DE10C3BB5} = {7881B112-7843-4542-B1F7-F99553FB9BB7}
		{446FED73-BCA1-4D8F-BC13-EA1507C7EF29} = {7881B112-7843-4542-B1F7-F99553FB9BB7}
		{6216A5CA-8599-4B53-8E70-F21CC6D4273C} = {7881B112-7843-4542-B1F7-F99553FB9BB7}
		{A5F564FD-2300-45D8-BACF-FE9D1055D757} = {63F6DD7F-17E6-4A62-8F4A-E3DCAFEB1582}
		{E32D01C5-1F2E-46F8-B33D-1D9C74D2D5C2} = {63F6DD7F-17E6-4A62-8F4A-E3DCAFEB1582}
		{3D61DE73-5B82-40BD-A980-EA54533179C4} = {7881B112-7843-4542-B1F7-F99553FB9BB7}
		{A284F47B-9DAF-4475-BB79-7A418EECC01D} = {7881B112-7843-4542-B1F7-F99553FB9BB7}
		{9978B382-0BCD-4621-B6B5-52E0E3B5F464} = {7881B112-7843-4542-B1F7-F99553FB9BB7}
	EndGlobalSection
	GlobalSection(NDepend) = preSolution
		Project = ".\GrandNode.ndproj"
	EndGlobalSection
EndGlobal
